{
  "name": "front",
  "lockfileVersion": 3,
  "requires": true,
  "packages": {
    "": {
      "dependencies": {
        "@svelteuidev/composables": "^0.10.0",
        "@svelteuidev/core": "^0.10.0",
        "@svelteuidev/dates": "^0.10.0",
        "dayjs": "^1.11.7"
      }
    },
    "node_modules/@floating-ui/core": {
      "version": "0.7.3",
      "resolved": "https://registry.npmjs.org/@floating-ui/core/-/core-0.7.3.tgz",
      "integrity": "sha512-buc8BXHmG9l82+OQXOFU3Kr2XQx9ys01U/Q9HMIrZ300iLc8HLMgh7dcCqgYzAzf4BkoQvDcXf5Y+CuEZ5JBYg=="
    },
    "node_modules/@floating-ui/dom": {
      "version": "0.5.2",
      "resolved": "https://registry.npmjs.org/@floating-ui/dom/-/dom-0.5.2.tgz",
      "integrity": "sha512-z1DnEa7F3d8Fm/eXSbii8UEGpcjZGkQaYYUI0WpEVgD3vBfebDW8j/3ysusxonuMexoigA+A3b/fYH7sEqiwyg==",
      "dependencies": {
        "@floating-ui/core": "^0.7.2"
      }
    },
    "node_modules/@stitches/core": {
      "version": "1.2.8",
      "resolved": "https://registry.npmjs.org/@stitches/core/-/core-1.2.8.tgz",
      "integrity": "sha512-Gfkvwk9o9kE9r9XNBmJRfV8zONvXThnm1tcuojL04Uy5uRyqg93DC83lDebl0rocZCfKSjUv+fWYtMQmEDJldg=="
    },
    "node_modules/@svelteuidev/composables": {
      "version": "0.10.0",
      "resolved": "https://registry.npmjs.org/@svelteuidev/composables/-/composables-0.10.0.tgz",
      "integrity": "sha512-6fmwFX9BSsF5jbEdrGqBloC0Knx5lyj7HjjZyD/hT6iKKeP/xDbNMfOLwIBqcBu4HN2EIWnLzvKBVeqoVKonWA=="
    },
    "node_modules/@svelteuidev/core": {
      "version": "0.10.0",
      "resolved": "https://registry.npmjs.org/@svelteuidev/core/-/core-0.10.0.tgz",
      "integrity": "sha512-58cRAEZQmM48zZuYiMyMHwt6rfj0YtrzS71mfo+E2icjiYeofAANDYklCchMm1PClmcRT70OCZQc6SenoKuR9g==",
      "dependencies": {
        "@floating-ui/dom": "0.5.2",
        "@stitches/core": "1.2.8"
      },
      "peerDependencies": {
        "@svelteuidev/composables": "0.10.0",
        "svelte": ">=3.55.0"
      }
    },
    "node_modules/@svelteuidev/dates": {
      "version": "0.10.0",
      "resolved": "https://registry.npmjs.org/@svelteuidev/dates/-/dates-0.10.0.tgz",
      "integrity": "sha512-+VEQptH5Z6pyejXi8GlSxjtivbh6g1G0F70D+KN75Z7/tu/V/YkqzmDj/1+yF3078Vxt+ovj8I/9aOdjbl3SOA==",
      "dependencies": {
        "dayjs": "1.11.1"
      },
      "peerDependencies": {
        "@svelteuidev/composables": "0.10.0",
        "@svelteuidev/core": "0.10.0",
        "svelte": ">=3.55.0"
      }
    },
    "node_modules/@svelteuidev/dates/node_modules/dayjs": {
      "version": "1.11.1",
      "resolved": "https://registry.npmjs.org/dayjs/-/dayjs-1.11.1.tgz",
      "integrity": "sha512-ER7EjqVAMkRRsxNCC5YqJ9d9VQYuWdGt7aiH2qA5R5wt8ZmWaP2dLUSIK6y/kVzLMlmh1Tvu5xUf4M/wdGJ5KA=="
    },
    "node_modules/dayjs": {
      "version": "1.11.7",
      "resolved": "https://registry.npmjs.org/dayjs/-/dayjs-1.11.7.tgz",
      "integrity": "sha512-+Yw9U6YO5TQohxLcIkrXBeY73WP3ejHWVvx8XCk3gxvQDCTEmS48ZrSZCKciI7Bhl/uCMyxYtE9UqRILmFphkQ=="
    },
    "node_modules/svelte": {
      "version": "3.56.0",
      "resolved": "https://registry.npmjs.org/svelte/-/svelte-3.56.0.tgz",
      "integrity": "sha512-LvXiJbjdvJKwB/0CQyYpDX0q+hFqCyWmybzC2G6eK1tJJA/RSRCytTfNmjHv+RHlLuA70vWG7nXp6gbeErYvRA==",
      "peer": true,
      "engines": {
        "node": ">= 8"
      }
    }
  }
}
